
Microsoft Visual Studio Solution File, Format Version 12.00
# Visual Studio Version 17
VisualStudioVersion = 17.6.33801.468
MinimumVisualStudioVersion = 10.0.40219.1
Project("{FAE04EC0-301F-11D3-BF4B-00C04F79EFBC}") = "BeastWorkout", "BeastWorkout\BeastWorkout.csproj", "{285A7317-464E-4CD5-8D43-BD7BB4BF2EEF}"
EndProject
Project("{FAE04EC0-301F-11D3-BF4B-00C04F79EFBC}") = "DAL", "DAL\DAL.csproj", "{B9C7C0F9-49CF-4E5D-AD4F-CCE5BCBFD34D}"
EndProject
Global
	GlobalSection(SolutionConfigurationPlatforms) = preSolution
		Debug|Any CPU = Debug|Any CPU
		Release|Any CPU = Release|Any CPU
	EndGlobalSection
	GlobalSection(ProjectConfigurationPlatforms) = postSolution
		{285A7317-464E-4CD5-8D43-BD7BB4BF2EEF}.Debug|Any CPU.ActiveCfg = Debug|Any CPU
		{285A7317-464E-4CD5-8D43-BD7BB4BF2EEF}.Debug|Any CPU.Build.0 = Debug|Any CPU
		{285A7317-464E-4CD5-8D43-BD7BB4BF2EEF}.Release|Any CPU.ActiveCfg = Release|Any CPU
		{285A7317-464E-4CD5-8D43-BD7BB4BF2EEF}.Release|Any CPU.Build.0 = Release|Any CPU
		{B9C7C0F9-49CF-4E5D-AD4F-CCE5BCBFD34D}.Debug|Any CPU.ActiveCfg = Debug|Any CPU
		{B9C7C0F9-49CF-4E5D-AD4F-CCE5BCBFD34D}.Debug|Any CPU.Build.0 = Debug|Any CPU
		{B9C7C0F9-49CF-4E5D-AD4F-CCE5BCBFD34D}.Release|Any CPU.ActiveCfg = Release|Any CPU
		{B9C7C0F9-49CF-4E5D-AD4F-CCE5BCBFD34D}.Release|Any CPU.Build.0 = Release|Any CPU
	EndGlobalSection
	GlobalSection(SolutionProperties) = preSolution
		HideSolutionNode = FALSE
	EndGlobalSection
	GlobalSection(ExtensibilityGlobals) = postSolution
		SolutionGuid = {0790DD85-0697-4060-8BC5-099891898EDA}
	EndGlobalSection
EndGlobal
